
Microsoft Visual Studio Solution File, Format Version 12.00
# Visual Studio Version 16
VisualStudioVersion = 16.0.29403.142
MinimumVisualStudioVersion = 10.0.40219.1
Project("{FAE04EC0-301F-11D3-BF4B-00C04F79EFBC}") = "Characters", "Characters\Characters.csproj", "{FB6F0033-5477-46E1-AFBC-3A0EDFA4C73D}"
EndProject
Project("{FAE04EC0-301F-11D3-BF4B-00C04F79EFBC}") = "GamePlay", "ConsoleApp1\GamePlay.csproj", "{D5F16ED7-1153-4F22-B0CF-D27BEC3BD86C}"
EndProject
Global
	GlobalSection(SolutionConfigurationPlatforms) = preSolution
		Debug|Any CPU = Debug|Any CPU
		Release|Any CPU = Release|Any CPU
	EndGlobalSection
	GlobalSection(ProjectConfigurationPlatforms) = postSolution
		{FB6F0033-5477-46E1-AFBC-3A0EDFA4C73D}.Debug|Any CPU.ActiveCfg = Debug|Any CPU
		{FB6F0033-5477-46E1-AFBC-3A0EDFA4C73D}.Debug|Any CPU.Build.0 = Debug|Any CPU
		{FB6F0033-5477-46E1-AFBC-3A0EDFA4C73D}.Release|Any CPU.ActiveCfg = Release|Any CPU
		{FB6F0033-5477-46E1-AFBC-3A0EDFA4C73D}.Release|Any CPU.Build.0 = Release|Any CPU
		{D5F16ED7-1153-4F22-B0CF-D27BEC3BD86C}.Debug|Any CPU.ActiveCfg = Debug|Any CPU
		{D5F16ED7-1153-4F22-B0CF-D27BEC3BD86C}.Debug|Any CPU.Build.0 = Debug|Any CPU
		{D5F16ED7-1153-4F22-B0CF-D27BEC3BD86C}.Release|Any CPU.ActiveCfg = Release|Any CPU
		{D5F16ED7-1153-4F22-B0CF-D27BEC3BD86C}.Release|Any CPU.Build.0 = Release|Any CPU
	EndGlobalSection
	GlobalSection(SolutionProperties) = preSolution
		HideSolutionNode = FALSE
	EndGlobalSection
	GlobalSection(ExtensibilityGlobals) = postSolution
		SolutionGuid = {1A011D91-8858-4501-B736-13AA8A3AD769}
	EndGlobalSection
EndGlobal
